// !$*UTF8*$!
{
	archiveVersion = 1;
	classes = {
	};
	objectVersion = 46;
	objects = {

/* Begin PBXBuildFile section */
		9B98B2AC1BC175860088C095 /* LCContentView.m in Sources */ = {isa = PBXBuildFile; fileRef = 9B98B2AB1BC175860088C095 /* LCContentView.m */; };
		9B98B2AF1BC175B20088C095 /* LCPageContentScrollView.m in Sources */ = {isa = PBXBuildFile; fileRef = 9B98B2AE1BC175B20088C095 /* LCPageContentScrollView.m */; };
		9BCCFF311BBF857F00654391 /* main.m in Sources */ = {isa = PBXBuildFile; fileRef = 9BCCFF301BBF857F00654391 /* main.m */; };
		9BCCFF341BBF857F00654391 /* AppDelegate.m in Sources */ = {isa = PBXBuildFile; fileRef = 9BCCFF331BBF857F00654391 /* AppDelegate.m */; };
		9BCCFF371BBF857F00654391 /* ViewController.m in Sources */ = {isa = PBXBuildFile; fileRef = 9BCCFF361BBF857F00654391 /* ViewController.m */; };
		9BCCFF3A1BBF857F00654391 /* Main.storyboard in Resources */ = {isa = PBXBuildFile; fileRef = 9BCCFF381BBF857F00654391 /* Main.storyboard */; };
		9BCCFF3C1BBF857F00654391 /* Images.xcassets in Resources */ = {isa = PBXBuildFile; fileRef = 9BCCFF3B1BBF857F00654391 /* Images.xcassets */; };
		9BCCFF3F1BBF857F00654391 /* LaunchScreen.xib in Resources */ = {isa = PBXBuildFile; fileRef = 9BCCFF3D1BBF857F00654391 /* LaunchScreen.xib */; };
		9BCCFF4B1BBF857F00654391 /* LCSelectMenuTests.m in Sources */ = {isa = PBXBuildFile; fileRef = 9BCCFF4A1BBF857F00654391 /* LCSelectMenuTests.m */; };
		9BCCFF561BBF859A00654391 /* LCSelectMenu.m in Sources */ = {isa = PBXBuildFile; fileRef = 9BCCFF551BBF859A00654391 /* LCSelectMenu.m */; };
/* End PBXBuildFile section */

/* Begin PBXContainerItemProxy section */
		9BCCFF451BBF857F00654391 /* PBXContainerItemProxy */ = {
			isa = PBXContainerItemProxy;
			containerPortal = 9BCCFF231BBF857F00654391 /* Project object */;
			proxyType = 1;
			remoteGlobalIDString = 9BCCFF2A1BBF857F00654391;
			remoteInfo = LCSelectMenu;
		};
/* End PBXContainerItemProxy section */

/* Begin PBXFileReference section */
		9B98B2AA1BC175860088C095 /* LCContentView.h */ = {isa = PBXFileReference; fileEncoding = 4; lastKnownFileType = sourcecode.c.h; path = LCContentView.h; sourceTree = "<group>"; };
		9B98B2AB1BC175860088C095 /* LCContentView.m */ = {isa = PBXFileReference; fileEncoding = 4; lastKnownFileType = sourcecode.c.objc; path = LCContentView.m; sourceTree = "<group>"; };
		9B98B2AD1BC175B20088C095 /* LCPageContentScrollView.h */ = {isa = PBXFileReference; fileEncoding = 4; lastKnownFileType = sourcecode.c.h; path = LCPageContentScrollView.h; sourceTree = "<group>"; };
		9B98B2AE1BC175B20088C095 /* LCPageContentScrollView.m */ = {isa = PBXFileReference; fileEncoding = 4; lastKnownFileType = sourcecode.c.objc; path = LCPageContentScrollView.m; sourceTree = "<group>"; };
		9BCCFF2B1BBF857F00654391 /* LCSelectMenu.app */ = {isa = PBXFileReference; explicitFileType = wrapper.application; includeInIndex = 0; path = LCSelectMenu.app; sourceTree = BUILT_PRODUCTS_DIR; };
		9BCCFF2F1BBF857F00654391 /* Info.plist */ = {isa = PBXFileReference; lastKnownFileType = text.plist.xml; path = Info.plist; sourceTree = "<group>"; };
		9BCCFF301BBF857F00654391 /* main.m */ = {isa = PBXFileReference; lastKnownFileType = sourcecode.c.objc; path = main.m; sourceTree = "<group>"; };
		9BCCFF321BBF857F00654391 /* AppDelegate.h */ = {isa = PBXFileReference; lastKnownFileType = sourcecode.c.h; path = AppDelegate.h; sourceTree = "<group>"; };
		9BCCFF331BBF857F00654391 /* AppDelegate.m */ = {isa = PBXFileReference; lastKnownFileType = sourcecode.c.objc; path = AppDelegate.m; sourceTree = "<group>"; };
		9BCCFF351BBF857F00654391 /* ViewController.h */ = {isa = PBXFileReference; lastKnownFileType = sourcecode.c.h; path = ViewController.h; sourceTree = "<group>"; };
		9BCCFF361BBF857F00654391 /* ViewController.m */ = {isa = PBXFileReference; lastKnownFileType = sourcecode.c.objc; path = ViewController.m; sourceTree = "<group>"; };
		9BCCFF391BBF857F00654391 /* Base */ = {isa = PBXFileReference; lastKnownFileType = file.storyboard; name = Base; path = Base.lproj/Main.storyboard; sourceTree = "<group>"; };
		9BCCFF3B1BBF857F00654391 /* Images.xcassets */ = {isa = PBXFileReference; lastKnownFileType = folder.assetcatalog; path = Images.xcassets; sourceTree = "<group>"; };
		9BCCFF3E1BBF857F00654391 /* Base */ = {isa = PBXFileReference; lastKnownFileType = file.xib; name = Base; path = Base.lproj/LaunchScreen.xib; sourceTree = "<group>"; };
		9BCCFF441BBF857F00654391 /* LCSelectMenuTests.xctest */ = {isa = PBXFileReference; explicitFileType = wrapper.cfbundle; includeInIndex = 0; path = LCSelectMenuTests.xctest; sourceTree = BUILT_PRODUCTS_DIR; };
		9BCCFF491BBF857F00654391 /* Info.plist */ = {isa = PBXFileReference; lastKnownFileType = text.plist.xml; path = Info.plist; sourceTree = "<group>"; };
		9BCCFF4A1BBF857F00654391 /* LCSelectMenuTests.m */ = {isa = PBXFileReference; lastKnownFileType = sourcecode.c.objc; path = LCSelectMenuTests.m; sourceTree = "<group>"; };
		9BCCFF541BBF859A00654391 /* LCSelectMenu.h */ = {isa = PBXFileReference; fileEncoding = 4; lastKnownFileType = sourcecode.c.h; path = LCSelectMenu.h; sourceTree = "<group>"; };
		9BCCFF551BBF859A00654391 /* LCSelectMenu.m */ = {isa = PBXFileReference; fileEncoding = 4; lastKnownFileType = sourcecode.c.objc; path = LCSelectMenu.m; sourceTree = "<group>"; };
/* End PBXFileReference section */

/* Begin PBXFrameworksBuildPhase section */
		9BCCFF281BBF857F00654391 /* Frameworks */ = {
			isa = PBXFrameworksBuildPhase;
			buildActionMask = 2147483647;
			files = (
			);
			runOnlyForDeploymentPostprocessing = 0;
		};
		9BCCFF411BBF857F00654391 /* Frameworks */ = {
			isa = PBXFrameworksBuildPhase;
			buildActionMask = 2147483647;
			files = (
			);
			runOnlyForDeploymentPostprocessing = 0;
		};
/* End PBXFrameworksBuildPhase section */

/* Begin PBXGroup section */
		9BCCFF221BBF857F00654391 = {
			isa = PBXGroup;
			children = (
				9BCCFF2D1BBF857F00654391 /* LCSelectMenu */,
				9BCCFF471BBF857F00654391 /* LCSelectMenuTests */,
				9BCCFF2C1BBF857F00654391 /* Products */,
			);
			sourceTree = "<group>";
		};
		9BCCFF2C1BBF857F00654391 /* Products */ = {
			isa = PBXGroup;
			children = (
				9BCCFF2B1BBF857F00654391 /* LCSelectMenu.app */,
				9BCCFF441BBF857F00654391 /* LCSelectMenuTests.xctest */,
			);
			name = Products;
			sourceTree = "<group>";
		};
		9BCCFF2D1BBF857F00654391 /* LCSelectMenu */ = {
			isa = PBXGroup;
			children = (
				9BCCFF581BBF85B600654391 /* Main */,
				9BCCFF571BBF85A300654391 /* LCSelectMenu */,
				9BCCFF2E1BBF857F00654391 /* Supporting Files */,
			);
			path = LCSelectMenu;
			sourceTree = "<group>";
		};
		9BCCFF2E1BBF857F00654391 /* Supporting Files */ = {
			isa = PBXGroup;
			children = (
				9BCCFF2F1BBF857F00654391 /* Info.plist */,
				9BCCFF301BBF857F00654391 /* main.m */,
			);
			name = "Supporting Files";
			sourceTree = "<group>";
		};
		9BCCFF471BBF857F00654391 /* LCSelectMenuTests */ = {
			isa = PBXGroup;
			children = (
				9BCCFF4A1BBF857F00654391 /* LCSelectMenuTests.m */,
				9BCCFF481BBF857F00654391 /* Supporting Files */,
			);
			path = LCSelectMenuTests;
			sourceTree = "<group>";
		};
		9BCCFF481BBF857F00654391 /* Supporting Files */ = {
			isa = PBXGroup;
			children = (
				9BCCFF491BBF857F00654391 /* Info.plist */,
			);
			name = "Supporting Files";
			sourceTree = "<group>";
		};
		9BCCFF571BBF85A300654391 /* LCSelectMenu */ = {
			isa = PBXGroup;
			children = (
				9BCCFF541BBF859A00654391 /* LCSelectMenu.h */,
				9BCCFF551BBF859A00654391 /* LCSelectMenu.m */,
				9B98B2AA1BC175860088C095 /* LCContentView.h */,
				9B98B2AB1BC175860088C095 /* LCContentView.m */,
				9B98B2AD1BC175B20088C095 /* LCPageContentScrollView.h */,
				9B98B2AE1BC175B20088C095 /* LCPageContentScrollView.m */,
			);
			name = LCSelectMenu;
			sourceTree = "<group>";
		};
		9BCCFF581BBF85B600654391 /* Main */ = {
			isa = PBXGroup;
			children = (
				9BCCFF591BBF85BF00654391 /* Application */,
			);
			name = Main;
			sourceTree = "<group>";
		};
		9BCCFF591BBF85BF00654391 /* Application */ = {
			isa = PBXGroup;
			children = (
				9BCCFF321BBF857F00654391 /* AppDelegate.h */,
				9BCCFF331BBF857F00654391 /* AppDelegate.m */,
				9BCCFF351BBF857F00654391 /* ViewController.h */,
				9BCCFF361BBF857F00654391 /* ViewController.m */,
				9BCCFF381BBF857F00654391 /* Main.storyboard */,
				9BCCFF3B1BBF857F00654391 /* Images.xcassets */,
				9BCCFF3D1BBF857F00654391 /* LaunchScreen.xib */,
			);
			name = Application;
			sourceTree = "<group>";
		};
/* End PBXGroup section */

/* Begin PBXNativeTarget section */
		9BCCFF2A1BBF857F00654391 /* LCSelectMenu */ = {
			isa = PBXNativeTarget;
			buildConfigurationList = 9BCCFF4E1BBF857F00654391 /* Build configuration list for PBXNativeTarget "LCSelectMenu" */;
			buildPhases = (
				9BCCFF271BBF857F00654391 /* Sources */,
				9BCCFF281BBF857F00654391 /* Frameworks */,
				9BCCFF291BBF857F00654391 /* Resources */,
			);
			buildRules = (
			);
			dependencies = (
			);
			name = LCSelectMenu;
			productName = LCSelectMenu;
			productReference = 9BCCFF2B1BBF857F00654391 /* LCSelectMenu.app */;
			productType = "com.apple.product-type.application";
		};
		9BCCFF431BBF857F00654391 /* LCSelectMenuTests */ = {
			isa = PBXNativeTarget;
			buildConfigurationList = 9BCCFF511BBF857F00654391 /* Build configuration list for PBXNativeTarget "LCSelectMenuTests" */;
			buildPhases = (
				9BCCFF401BBF857F00654391 /* Sources */,
				9BCCFF411BBF857F00654391 /* Frameworks */,
				9BCCFF421BBF857F00654391 /* Resources */,
			);
			buildRules = (
			);
			dependencies = (
				9BCCFF461BBF857F00654391 /* PBXTargetDependency */,
			);
			name = LCSelectMenuTests;
			productName = LCSelectMenuTests;
			productReference = 9BCCFF441BBF857F00654391 /* LCSelectMenuTests.xctest */;
			productType = "com.apple.product-type.bundle.unit-test";
		};
/* End PBXNativeTarget section */

/* Begin PBXProject section */
		9BCCFF231BBF857F00654391 /* Project object */ = {
			isa = PBXProject;
			attributes = {
				CLASSPREFIX = LC;
				LastUpgradeCheck = 0610;
				ORGANIZATIONNAME = Lee;
				TargetAttributes = {
					9BCCFF2A1BBF857F00654391 = {
						CreatedOnToolsVersion = 6.1.1;
					};
					9BCCFF431BBF857F00654391 = {
						CreatedOnToolsVersion = 6.1.1;
						TestTargetID = 9BCCFF2A1BBF857F00654391;
					};
				};
			};
			buildConfigurationList = 9BCCFF261BBF857F00654391 /* Build configuration list for PBXProject "LCSelectMenu" */;
			compatibilityVersion = "Xcode 3.2";
			developmentRegion = English;
			hasScannedForEncodings = 0;
			knownRegions = (
				en,
				Base,
			);
			mainGroup = 9BCCFF221BBF857F00654391;
			productRefGroup = 9BCCFF2C1BBF857F00654391 /* Products */;
			projectDirPath = "";
			projectRoot = "";
			targets = (
				9BCCFF2A1BBF857F00654391 /* LCSelectMenu */,
				9BCCFF431BBF857F00654391 /* LCSelectMenuTests */,
			);
		};
/* End PBXProject section */

/* Begin PBXResourcesBuildPhase section */
		9BCCFF291BBF857F00654391 /* Resources */ = {
			isa = PBXResourcesBuildPhase;
			buildActionMask = 2147483647;
			files = (
				9BCCFF3A1BBF857F00654391 /* Main.storyboard in Resources */,
				9BCCFF3F1BBF857F00654391 /* LaunchScreen.xib in Resources */,
				9BCCFF3C1BBF857F00654391 /* Images.xcassets in Resources */,
			);
			runOnlyForDeploymentPostprocessing = 0;
		};
		9BCCFF421BBF857F00654391 /* Resources */ = {
			isa = PBXResourcesBuildPhase;
			buildActionMask = 2147483647;
			files = (
			);
			runOnlyForDeploymentPostprocessing = 0;
		};
/* End PBXResourcesBuildPhase section */

/* Begin PBXSourcesBuildPhase section */
		9BCCFF271BBF857F00654391 /* Sources */ = {
			isa = PBXSourcesBuildPhase;
			buildActionMask = 2147483647;
			files = (
				9BCCFF371BBF857F00654391 /* ViewController.m in Sources */,
				9B98B2AC1BC175860088C095 /* LCContentView.m in Sources */,
				9BCCFF561BBF859A00654391 /* LCSelectMenu.m in Sources */,
				9B98B2AF1BC175B20088C095 /* LCPageContentScrollView.m in Sources */,
				9BCCFF341BBF857F00654391 /* AppDelegate.m in Sources */,
				9BCCFF311BBF857F00654391 /* main.m in Sources */,
			);
			runOnlyForDeploymentPostprocessing = 0;
		};
		9BCCFF401BBF857F00654391 /* Sources */ = {
			isa = PBXSourcesBuildPhase;
			buildActionMask = 2147483647;
			files = (
				9BCCFF4B1BBF857F00654391 /* LCSelectMenuTests.m in Sources */,
			);
			runOnlyForDeploymentPostprocessing = 0;
		};
/* End PBXSourcesBuildPhase section */

/* Begin PBXTargetDependency section */
		9BCCFF461BBF857F00654391 /* PBXTargetDependency */ = {
			isa = PBXTargetDependency;
			target = 9BCCFF2A1BBF857F00654391 /* LCSelectMenu */;
			targetProxy = 9BCCFF451BBF857F00654391 /* PBXContainerItemProxy */;
		};
/* End PBXTargetDependency section */

/* Begin PBXVariantGroup section */
		9BCCFF381BBF857F00654391 /* Main.storyboard */ = {
			isa = PBXVariantGroup;
			children = (
				9BCCFF391BBF857F00654391 /* Base */,
			);
			name = Main.storyboard;
			sourceTree = "<group>";
		};
		9BCCFF3D1BBF857F00654391 /* LaunchScreen.xib */ = {
			isa = PBXVariantGroup;
			children = (
				9BCCFF3E1BBF857F00654391 /* Base */,
			);
			name = LaunchScreen.xib;
			sourceTree = "<group>";
		};
/* End PBXVariantGroup section */

/* Begin XCBuildConfiguration section */
		9BCCFF4C1BBF857F00654391 /* Debug */ = {
			isa = XCBuildConfiguration;
			buildSettings = {
				ALWAYS_SEARCH_USER_PATHS = NO;
				CLANG_CXX_LANGUAGE_STANDARD = "gnu++0x";
				CLANG_CXX_LIBRARY = "libc++";
				CLANG_ENABLE_MODULES = YES;
				CLANG_ENABLE_OBJC_ARC = YES;
				CLANG_WARN_BOOL_CONVERSION = YES;
				CLANG_WARN_CONSTANT_CONVERSION = YES;
				CLANG_WARN_DIRECT_OBJC_ISA_USAGE = YES_ERROR;
				CLANG_WARN_EMPTY_BODY = YES;
				CLANG_WARN_ENUM_CONVERSION = YES;
				CLANG_WARN_INT_CONVERSION = YES;
				CLANG_WARN_OBJC_ROOT_CLASS = YES_ERROR;
				CLANG_WARN_UNREACHABLE_CODE = YES;
				CLANG_WARN__DUPLICATE_METHOD_MATCH = YES;
				"CODE_SIGN_IDENTITY[sdk=iphoneos*]" = "iPhone Developer";
				COPY_PHASE_STRIP = NO;
				ENABLE_STRICT_OBJC_MSGSEND = YES;
				GCC_C_LANGUAGE_STANDARD = gnu99;
				GCC_DYNAMIC_NO_PIC = NO;
				GCC_OPTIMIZATION_LEVEL = 0;
				GCC_PREPROCESSOR_DEFINITIONS = (
					"DEBUG=1",
					"$(inherited)",
				);
				GCC_SYMBOLS_PRIVATE_EXTERN = NO;
				GCC_WARN_64_TO_32_BIT_CONVERSION = YES;
				GCC_WARN_ABOUT_RETURN_TYPE = YES_ERROR;
				GCC_WARN_UNDECLARED_SELECTOR = YES;
				GCC_WARN_UNINITIALIZED_AUTOS = YES_AGGRESSIVE;
				GCC_WARN_UNUSED_FUNCTION = YES;
				GCC_WARN_UNUSED_VARIABLE = YES;
				IPHONEOS_DEPLOYMENT_TARGET = 8.1;
				MTL_ENABLE_DEBUG_INFO = YES;
				ONLY_ACTIVE_ARCH = YES;
				SDKROOT = iphoneos;
			};
			name = Debug;
		};
		9BCCFF4D1BBF857F00654391 /* Release */ = {
			isa = XCBuildConfiguration;
			buildSettings = {
				ALWAYS_SEARCH_USER_PATHS = NO;
				CLANG_CXX_LANGUAGE_STANDARD = "gnu++0x";
				CLANG_CXX_LIBRARY = "libc++";
				CLANG_ENABLE_MODULES = YES;
				CLANG_ENABLE_OBJC_ARC = YES;
				CLANG_WARN_BOOL_CONVERSION = YES;
				CLANG_WARN_CONSTANT_CONVERSION = YES;
				CLANG_WARN_DIRECT_OBJC_ISA_USAGE = YES_ERROR;
				CLANG_WARN_EMPTY_BODY = YES;
				CLANG_WARN_ENUM_CONVERSION = YES;
				CLANG_WARN_INT_CONVERSION = YES;
				CLANG_WARN_OBJC_ROOT_CLASS = YES_ERROR;
				CLANG_WARN_UNREACHABLE_CODE = YES;
				CLANG_WARN__DUPLICATE_METHOD_MATCH = YES;
				"CODE_SIGN_IDENTITY[sdk=iphoneos*]" = "iPhone Developer";
				COPY_PHASE_STRIP = YES;
				ENABLE_NS_ASSERTIONS = NO;
				ENABLE_STRICT_OBJC_MSGSEND = YES;
				GCC_C_LANGUAGE_STANDARD = gnu99;
				GCC_WARN_64_TO_32_BIT_CONVERSION = YES;
				GCC_WARN_ABOUT_RETURN_TYPE = YES_ERROR;
				GCC_WARN_UNDECLARED_SELECTOR = YES;
				GCC_WARN_UNINITIALIZED_AUTOS = YES_AGGRESSIVE;
				GCC_WARN_UNUSED_FUNCTION = YES;
				GCC_WARN_UNUSED_VARIABLE = YES;
				IPHONEOS_DEPLOYMENT_TARGET = 8.1;
				MTL_ENABLE_DEBUG_INFO = NO;
				SDKROOT = iphoneos;
				VALIDATE_PRODUCT = YES;
			};
			name = Release;
		};
		9BCCFF4F1BBF857F00654391 /* Debug */ = {
			isa = XCBuildConfiguration;
			buildSettings = {
				ASSETCATALOG_COMPILER_APPICON_NAME = AppIcon;
				INFOPLIST_FILE = LCSelectMenu/Info.plist;
				LD_RUNPATH_SEARCH_PATHS = "$(inherited) @executable_path/Frameworks";
				PRODUCT_NAME = "$(TARGET_NAME)";
			};
			name = Debug;
		};
		9BCCFF501BBF857F00654391 /* Release */ = {
			isa = XCBuildConfiguration;
			buildSettings = {
				ASSETCATALOG_COMPILER_APPICON_NAME = AppIcon;
				INFOPLIST_FILE = LCSelectMenu/Info.plist;
				LD_RUNPATH_SEARCH_PATHS = "$(inherited) @executable_path/Frameworks";
				PRODUCT_NAME = "$(TARGET_NAME)";
			};
			name = Release;
		};
		9BCCFF521BBF857F00654391 /* Debug */ = {
			isa = XCBuildConfiguration;
			buildSettings = {
				BUNDLE_LOADER = "$(TEST_HOST)";
				FRAMEWORK_SEARCH_PATHS = (
					"$(SDKROOT)/Developer/Library/Frameworks",
					"$(inherited)",
				);
				GCC_PREPROCESSOR_DEFINITIONS = (
					"DEBUG=1",
					"$(inherited)",
				);
				INFOPLIST_FILE = LCSelectMenuTests/Info.plist;
				LD_RUNPATH_SEARCH_PATHS = "$(inherited) @executable_path/Frameworks @loader_path/Frameworks";
				PRODUCT_NAME = "$(TARGET_NAME)";
				TEST_HOST = "$(BUILT_PRODUCTS_DIR)/LCSelectMenu.app/LCSelectMenu";
			};
			name = Debug;
		};
		9BCCFF531BBF857F00654391 /* Release */ = {
			isa = XCBuildConfiguration;
			buildSettings = {
				BUNDLE_LOADER = "$(TEST_HOST)";
				FRAMEWORK_SEARCH_PATHS = (
					"$(SDKROOT)/Developer/Library/Frameworks",
					"$(inherited)",
				);
				INFOPLIST_FILE = LCSelectMenuTests/Info.plist;
				LD_RUNPATH_SEARCH_PATHS = "$(inherited) @executable_path/Frameworks @loader_path/Frameworks";
				PRODUCT_NAME = "$(TARGET_NAME)";
				TEST_HOST = "$(BUILT_PRODUCTS_DIR)/LCSelectMenu.app/LCSelectMenu";
			};
			name = Release;
		};
/* End XCBuildConfiguration section */

/* Begin XCConfigurationList section */
		9BCCFF261BBF857F00654391 /* Build configuration list for PBXProject "LCSelectMenu" */ = {
			isa = XCConfigurationList;
			buildConfigurations = (
				9BCCFF4C1BBF857F00654391 /* Debug */,
				9BCCFF4D1BBF857F00654391 /* Release */,
			);
			defaultConfigurationIsVisible = 0;
			defaultConfigurationName = Release;
		};
		9BCCFF4E1BBF857F00654391 /* Build configuration list for PBXNativeTarget "LCSelectMenu" */ = {
			isa = XCConfigurationList;
			buildConfigurations = (
				9BCCFF4F1BBF857F00654391 /* Debug */,
				9BCCFF501BBF857F00654391 /* Release */,
			);
			defaultConfigurationIsVisible = 0;
			defaultConfigurationName = Release;
		};
		9BCCFF511BBF857F00654391 /* Build configuration list for PBXNativeTarget "LCSelectMenuTests" */ = {
			isa = XCConfigurationList;
			buildConfigurations = (
				9BCCFF521BBF857F00654391 /* Debug */,
				9BCCFF531BBF857F00654391 /* Release */,
			);
			defaultConfigurationIsVisible = 0;
			defaultConfigurationName = Release;
		};
/* End XCConfigurationList section */
	};
	rootObject = 9BCCFF231BBF857F00654391 /* Project object */;
}
